
Microsoft Visual Studio Solution File, Format Version 12.00
# Visual Studio Version 16
VisualStudioVersion = 16.0.29230.47
MinimumVisualStudioVersion = 10.0.40219.1
Project("{9A19103F-16F7-4668-BE54-9A1E7A4F7556}") = "MyBoard", "Board\MyBoard.csproj", "{F595F159-503A-445E-9CA4-ED0DD1B36234}"
EndProject
Global
	GlobalSection(SolutionConfigurationPlatforms) = preSolution
		Debug|Any CPU = Debug|Any CPU
		Release|Any CPU = Release|Any CPU
	EndGlobalSection
	GlobalSection(ProjectConfigurationPlatforms) = postSolution
		{F595F159-503A-445E-9CA4-ED0DD1B36234}.Debug|Any CPU.ActiveCfg = Debug|Any CPU
		{F595F159-503A-445E-9CA4-ED0DD1B36234}.Debug|Any CPU.Build.0 = Debug|Any CPU
		{F595F159-503A-445E-9CA4-ED0DD1B36234}.Release|Any CPU.ActiveCfg = Release|Any CPU
		{F595F159-503A-445E-9CA4-ED0DD1B36234}.Release|Any CPU.Build.0 = Release|Any CPU
	EndGlobalSection
	GlobalSection(SolutionProperties) = preSolution
		HideSolutionNode = FALSE
	EndGlobalSection
	GlobalSection(ExtensibilityGlobals) = postSolution
		SolutionGuid = {8C55E728-D26D-4E19-AE31-AAE9B8BCC275}
	EndGlobalSection
EndGlobal
